PODS:
  - Flutter (1.0.0)
  - flutter_plugin_open_native (0.0.1):
    - Flutter

DEPENDENCIES:
  - Flutter (from `.symlinks/flutter/ios`)
  - flutter_plugin_open_native (from `.symlinks/plugins/flutter_plugin_open_native/ios`)

EXTERNAL SOURCES:
  Flutter:
    :path: ".symlinks/flutter/ios"
  flutter_plugin_open_native:
    :path: ".symlinks/plugins/flutter_plugin_open_native/ios"

SPEC CHECKSUMS:
  Flutter: 58dd7d1b27887414a370fcccb9e645c08ffd7a6a
  flutter_plugin_open_native: 7d6f34efdf9efc59e798c63ea179dc53675dc676

PODFILE CHECKSUM: aff02bfeed411c636180d6812254b2daeea14d09

COCOAPODS: 1.6.0
